
Microsoft Visual Studio Solution File, Format Version 12.00
# Visual Studio Version 17
VisualStudioVersion = 17.2.32616.157
MinimumVisualStudioVersion = 10.0.40219.1
Project("{FAE04EC0-301F-11D3-BF4B-00C04F79EFBC}") = "SauceDemoAutomationWithSpecflow", "SauceDemoAutomationWithSpecflow\SauceDemoAutomationWithSpecflow.csproj", "{CA82ED57-3586-4318-A47F-B87D8600B4B7}"
EndProject
Global
	GlobalSection(SolutionConfigurationPlatforms) = preSolution
		Debug|Any CPU = Debug|Any CPU
		Release|Any CPU = Release|Any CPU
	EndGlobalSection
	GlobalSection(ProjectConfigurationPlatforms) = postSolution
		{CA82ED57-3586-4318-A47F-B87D8600B4B7}.Debug|Any CPU.ActiveCfg = Debug|Any CPU
		{CA82ED57-3586-4318-A47F-B87D8600B4B7}.Debug|Any CPU.Build.0 = Debug|Any CPU
		{CA82ED57-3586-4318-A47F-B87D8600B4B7}.Release|Any CPU.ActiveCfg = Release|Any CPU
		{CA82ED57-3586-4318-A47F-B87D8600B4B7}.Release|Any CPU.Build.0 = Release|Any CPU
	EndGlobalSection
	GlobalSection(SolutionProperties) = preSolution
		HideSolutionNode = FALSE
	EndGlobalSection
	GlobalSection(ExtensibilityGlobals) = postSolution
		SolutionGuid = {669D61C1-A975-49A4-BDEB-3A060093A34F}
	EndGlobalSection
EndGlobal
